// !$*UTF8*$!
{
	archiveVersion = 1;
	classes = {
	};
	objectVersion = 46;
	objects = {

/* Begin PBXBuildFile section */
		19B879611C2895C400A8BE65 /* AppDelegate.swift in Sources */ = {isa = PBXBuildFile; fileRef = 19B879601C2895C400A8BE65 /* AppDelegate.swift */; };
		19B879631C2895C400A8BE65 /* ViewController.swift in Sources */ = {isa = PBXBuildFile; fileRef = 19B879621C2895C400A8BE65 /* ViewController.swift */; };
		19B879661C2895C400A8BE65 /* Main.storyboard in Resources */ = {isa = PBXBuildFile; fileRef = 19B879641C2895C400A8BE65 /* Main.storyboard */; };
		19B879681C2895C400A8BE65 /* Assets.xcassets in Resources */ = {isa = PBXBuildFile; fileRef = 19B879671C2895C400A8BE65 /* Assets.xcassets */; };
		19B8796B1C2895C500A8BE65 /* LaunchScreen.storyboard in Resources */ = {isa = PBXBuildFile; fileRef = 19B879691C2895C500A8BE65 /* LaunchScreen.storyboard */; };
		19B879761C2895C500A8BE65 /* SuperCoolTests.swift in Sources */ = {isa = PBXBuildFile; fileRef = 19B879751C2895C500A8BE65 /* SuperCoolTests.swift */; };
		19B879811C2895C500A8BE65 /* SuperCoolUITests.swift in Sources */ = {isa = PBXBuildFile; fileRef = 19B879801C2895C500A8BE65 /* SuperCoolUITests.swift */; };
/* End PBXBuildFile section */

/* Begin PBXContainerItemProxy section */
		19B879721C2895C500A8BE65 /* PBXContainerItemProxy */ = {
			isa = PBXContainerItemProxy;
			containerPortal = 19B879551C2895C400A8BE65 /* Project object */;
			proxyType = 1;
			remoteGlobalIDString = 19B8795C1C2895C400A8BE65;
			remoteInfo = SuperCool;
		};
		19B8797D1C2895C500A8BE65 /* PBXContainerItemProxy */ = {
			isa = PBXContainerItemProxy;
			containerPortal = 19B879551C2895C400A8BE65 /* Project object */;
			proxyType = 1;
			remoteGlobalIDString = 19B8795C1C2895C400A8BE65;
			remoteInfo = SuperCool;
		};
/* End PBXContainerItemProxy section */

/* Begin PBXFileReference section */
		19B8795D1C2895C400A8BE65 /* SuperCool.app */ = {isa = PBXFileReference; explicitFileType = wrapper.application; includeInIndex = 0; path = SuperCool.app; sourceTree = BUILT_PRODUCTS_DIR; };
		19B879601C2895C400A8BE65 /* AppDelegate.swift */ = {isa = PBXFileReference; lastKnownFileType = sourcecode.swift; path = AppDelegate.swift; sourceTree = "<group>"; };
		19B879621C2895C400A8BE65 /* ViewController.swift */ = {isa = PBXFileReference; lastKnownFileType = sourcecode.swift; path = ViewController.swift; sourceTree = "<group>"; };
		19B879651C2895C400A8BE65 /* Base */ = {isa = PBXFileReference; lastKnownFileType = file.storyboard; name = Base; path = Base.lproj/Main.storyboard; sourceTree = "<group>"; };
		19B879671C2895C400A8BE65 /* Assets.xcassets */ = {isa = PBXFileReference; lastKnownFileType = folder.assetcatalog; path = Assets.xcassets; sourceTree = "<group>"; };
		19B8796A1C2895C500A8BE65 /* Base */ = {isa = PBXFileReference; lastKnownFileType = file.storyboard; name = Base; path = Base.lproj/LaunchScreen.storyboard; sourceTree = "<group>"; };
		19B8796C1C2895C500A8BE65 /* Info.plist */ = {isa = PBXFileReference; lastKnownFileType = text.plist.xml; path = Info.plist; sourceTree = "<group>"; };
		19B879711C2895C500A8BE65 /* SuperCoolTests.xctest */ = {isa = PBXFileReference; explicitFileType = wrapper.cfbundle; includeInIndex = 0; path = SuperCoolTests.xctest; sourceTree = BUILT_PRODUCTS_DIR; };
		19B879751C2895C500A8BE65 /* SuperCoolTests.swift */ = {isa = PBXFileReference; lastKnownFileType = sourcecode.swift; path = SuperCoolTests.swift; sourceTree = "<group>"; };
		19B879771C2895C500A8BE65 /* Info.plist */ = {isa = PBXFileReference; lastKnownFileType = text.plist.xml; path = Info.plist; sourceTree = "<group>"; };
		19B8797C1C2895C500A8BE65 /* SuperCoolUITests.xctest */ = {isa = PBXFileReference; explicitFileType = wrapper.cfbundle; includeInIndex = 0; path = SuperCoolUITests.xctest; sourceTree = BUILT_PRODUCTS_DIR; };
		19B879801C2895C500A8BE65 /* SuperCoolUITests.swift */ = {isa = PBXFileReference; lastKnownFileType = sourcecode.swift; path = SuperCoolUITests.swift; sourceTree = "<group>"; };
		19B879821C2895C500A8BE65 /* Info.plist */ = {isa = PBXFileReference; lastKnownFileType = text.plist.xml; path = Info.plist; sourceTree = "<group>"; };
/* End PBXFileReference section */

/* Begin PBXFrameworksBuildPhase section */
		19B8795A1C2895C400A8BE65 /* Frameworks */ = {
			isa = PBXFrameworksBuildPhase;
			buildActionMask = 2147483647;
			files = (
			);
			runOnlyForDeploymentPostprocessing = 0;
		};
		19B8796E1C2895C500A8BE65 /* Frameworks */ = {
			isa = PBXFrameworksBuildPhase;
			buildActionMask = 2147483647;
			files = (
			);
			runOnlyForDeploymentPostprocessing = 0;
		};
		19B879791C2895C500A8BE65 /* Frameworks */ = {
			isa = PBXFrameworksBuildPhase;
			buildActionMask = 2147483647;
			files = (
			);
			runOnlyForDeploymentPostprocessing = 0;
		};
/* End PBXFrameworksBuildPhase section */

/* Begin PBXGroup section */
		19B879541C2895C400A8BE65 = {
			isa = PBXGroup;
			children = (
				19B8795F1C2895C400A8BE65 /* SuperCool */,
				19B879741C2895C500A8BE65 /* SuperCoolTests */,
				19B8797F1C2895C500A8BE65 /* SuperCoolUITests */,
				19B8795E1C2895C400A8BE65 /* Products */,
			);
			sourceTree = "<group>";
		};
		19B8795E1C2895C400A8BE65 /* Products */ = {
			isa = PBXGroup;
			children = (
				19B8795D1C2895C400A8BE65 /* SuperCool.app */,
				19B879711C2895C500A8BE65 /* SuperCoolTests.xctest */,
				19B8797C1C2895C500A8BE65 /* SuperCoolUITests.xctest */,
			);
			name = Products;
			sourceTree = "<group>";
		};
		19B8795F1C2895C400A8BE65 /* SuperCool */ = {
			isa = PBXGroup;
			children = (
				19B879601C2895C400A8BE65 /* AppDelegate.swift */,
				19B879621C2895C400A8BE65 /* ViewController.swift */,
				19B879641C2895C400A8BE65 /* Main.storyboard */,
				19B879671C2895C400A8BE65 /* Assets.xcassets */,
				19B879691C2895C500A8BE65 /* LaunchScreen.storyboard */,
				19B8796C1C2895C500A8BE65 /* Info.plist */,
			);
			path = SuperCool;
			sourceTree = "<group>";
		};
		19B879741C2895C500A8BE65 /* SuperCoolTests */ = {
			isa = PBXGroup;
			children = (
				19B879751C2895C500A8BE65 /* SuperCoolTests.swift */,
				19B879771C2895C500A8BE65 /* Info.plist */,
			);
			path = SuperCoolTests;
			sourceTree = "<group>";
		};
		19B8797F1C2895C500A8BE65 /* SuperCoolUITests */ = {
			isa = PBXGroup;
			children = (
				19B879801C2895C500A8BE65 /* SuperCoolUITests.swift */,
				19B879821C2895C500A8BE65 /* Info.plist */,
			);
			path = SuperCoolUITests;
			sourceTree = "<group>";
		};
/* End PBXGroup section */

/* Begin PBXNativeTarget section */
		19B8795C1C2895C400A8BE65 /* SuperCool */ = {
			isa = PBXNativeTarget;
			buildConfigurationList = 19B879851C2895C500A8BE65 /* Build configuration list for PBXNativeTarget "SuperCool" */;
			buildPhases = (
				19B879591C2895C400A8BE65 /* Sources */,
				19B8795A1C2895C400A8BE65 /* Frameworks */,
				19B8795B1C2895C400A8BE65 /* Resources */,
			);
			buildRules = (
			);
			dependencies = (
			);
			name = SuperCool;
			productName = SuperCool;
			productReference = 19B8795D1C2895C400A8BE65 /* SuperCool.app */;
			productType = "com.apple.product-type.application";
		};
		19B879701C2895C500A8BE65 /* SuperCoolTests */ = {
			isa = PBXNativeTarget;
			buildConfigurationList = 19B879881C2895C500A8BE65 /* Build configuration list for PBXNativeTarget "SuperCoolTests" */;
			buildPhases = (
				19B8796D1C2895C500A8BE65 /* Sources */,
				19B8796E1C2895C500A8BE65 /* Frameworks */,
				19B8796F1C2895C500A8BE65 /* Resources */,
			);
			buildRules = (
			);
			dependencies = (
				19B879731C2895C500A8BE65 /* PBXTargetDependency */,
			);
			name = SuperCoolTests;
			productName = SuperCoolTests;
			productReference = 19B879711C2895C500A8BE65 /* SuperCoolTests.xctest */;
			productType = "com.apple.product-type.bundle.unit-test";
		};
		19B8797B1C2895C500A8BE65 /* SuperCoolUITests */ = {
			isa = PBXNativeTarget;
			buildConfigurationList = 19B8798B1C2895C500A8BE65 /* Build configuration list for PBXNativeTarget "SuperCoolUITests" */;
			buildPhases = (
				19B879781C2895C500A8BE65 /* Sources */,
				19B879791C2895C500A8BE65 /* Frameworks */,
				19B8797A1C2895C500A8BE65 /* Resources */,
			);
			buildRules = (
			);
			dependencies = (
				19B8797E1C2895C500A8BE65 /* PBXTargetDependency */,
			);
			name = SuperCoolUITests;
			productName = SuperCoolUITests;
			productReference = 19B8797C1C2895C500A8BE65 /* SuperCoolUITests.xctest */;
			productType = "com.apple.product-type.bundle.ui-testing";
		};
/* End PBXNativeTarget section */

/* Begin PBXProject section */
		19B879551C2895C400A8BE65 /* Project object */ = {
			isa = PBXProject;
			attributes = {
				LastSwiftUpdateCheck = 0720;
				LastUpgradeCheck = 0720;
				ORGANIZATIONNAME = Shawn;
				TargetAttributes = {
					19B8795C1C2895C400A8BE65 = {
						CreatedOnToolsVersion = 7.2;
					};
					19B879701C2895C500A8BE65 = {
						CreatedOnToolsVersion = 7.2;
						TestTargetID = 19B8795C1C2895C400A8BE65;
					};
					19B8797B1C2895C500A8BE65 = {
						CreatedOnToolsVersion = 7.2;
						TestTargetID = 19B8795C1C2895C400A8BE65;
					};
				};
			};
			buildConfigurationList = 19B879581C2895C400A8BE65 /* Build configuration list for PBXProject "SuperCool" */;
			compatibilityVersion = "Xcode 3.2";
			developmentRegion = English;
			hasScannedForEncodings = 0;
			knownRegions = (
				en,
				Base,
			);
			mainGroup = 19B879541C2895C400A8BE65;
			productRefGroup = 19B8795E1C2895C400A8BE65 /* Products */;
			projectDirPath = "";
			projectRoot = "";
			targets = (
				19B8795C1C2895C400A8BE65 /* SuperCool */,
				19B879701C2895C500A8BE65 /* SuperCoolTests */,
				19B8797B1C2895C500A8BE65 /* SuperCoolUITests */,
			);
		};
/* End PBXProject section */

/* Begin PBXResourcesBuildPhase section */
		19B8795B1C2895C400A8BE65 /* Resources */ = {
			isa = PBXResourcesBuildPhase;
			buildActionMask = 2147483647;
			files = (
				19B8796B1C2895C500A8BE65 /* LaunchScreen.storyboard in Resources */,
				19B879681C2895C400A8BE65 /* Assets.xcassets in Resources */,
				19B879661C2895C400A8BE65 /* Main.storyboard in Resources */,
			);
			runOnlyForDeploymentPostprocessing = 0;
		};
		19B8796F1C2895C500A8BE65 /* Resources */ = {
			isa = PBXResourcesBuildPhase;
			buildActionMask = 2147483647;
			files = (
			);
			runOnlyForDeploymentPostprocessing = 0;
		};
		19B8797A1C2895C500A8BE65 /* Resources */ = {
			isa = PBXResourcesBuildPhase;
			buildActionMask = 2147483647;
			files = (
			);
			runOnlyForDeploymentPostprocessing = 0;
		};
/* End PBXResourcesBuildPhase section */

/* Begin PBXSourcesBuildPhase section */
		19B879591C2895C400A8BE65 /* Sources */ = {
			isa = PBXSourcesBuildPhase;
			buildActionMask = 2147483647;
			files = (
				19B879631C2895C400A8BE65 /* ViewController.swift in Sources */,
				19B879611C2895C400A8BE65 /* AppDelegate.swift in Sources */,
			);
			runOnlyForDeploymentPostprocessing = 0;
		};
		19B8796D1C2895C500A8BE65 /* Sources */ = {
			isa = PBXSourcesBuildPhase;
			buildActionMask = 2147483647;
			files = (
				19B879761C2895C500A8BE65 /* SuperCoolTests.swift in Sources */,
			);
			runOnlyForDeploymentPostprocessing = 0;
		};
		19B879781C2895C500A8BE65 /* Sources */ = {
			isa = PBXSourcesBuildPhase;
			buildActionMask = 2147483647;
			files = (
				19B879811C2895C500A8BE65 /* SuperCoolUITests.swift in Sources */,
			);
			runOnlyForDeploymentPostprocessing = 0;
		};
/* End PBXSourcesBuildPhase section */

/* Begin PBXTargetDependency section */
		19B879731C2895C500A8BE65 /* PBXTargetDependency */ = {
			isa = PBXTargetDependency;
			target = 19B8795C1C2895C400A8BE65 /* SuperCool */;
			targetProxy = 19B879721C2895C500A8BE65 /* PBXContainerItemProxy */;
		};
		19B8797E1C2895C500A8BE65 /* PBXTargetDependency */ = {
			isa = PBXTargetDependency;
			target = 19B8795C1C2895C400A8BE65 /* SuperCool */;
			targetProxy = 19B8797D1C2895C500A8BE65 /* PBXContainerItemProxy */;
		};
/* End PBXTargetDependency section */

/* Begin PBXVariantGroup section */
		19B879641C2895C400A8BE65 /* Main.storyboard */ = {
			isa = PBXVariantGroup;
			children = (
				19B879651C2895C400A8BE65 /* Base */,
			);
			name = Main.storyboard;
			sourceTree = "<group>";
		};
		19B879691C2895C500A8BE65 /* LaunchScreen.storyboard */ = {
			isa = PBXVariantGroup;
			children = (
				19B8796A1C2895C500A8BE65 /* Base */,
			);
			name = LaunchScreen.storyboard;
			sourceTree = "<group>";
		};
/* End PBXVariantGroup section */

/* Begin XCBuildConfiguration section */
		19B879831C2895C500A8BE65 /* Debug */ = {
			isa = XCBuildConfiguration;
			buildSettings = {
				ALWAYS_SEARCH_USER_PATHS = NO;
				CLANG_CXX_LANGUAGE_STANDARD = "gnu++0x";
				CLANG_CXX_LIBRARY = "libc++";
				CLANG_ENABLE_MODULES = YES;
				CLANG_ENABLE_OBJC_ARC = YES;
				CLANG_WARN_BOOL_CONVERSION = YES;
				CLANG_WARN_CONSTANT_CONVERSION = YES;
				CLANG_WARN_DIRECT_OBJC_ISA_USAGE = YES_ERROR;
				CLANG_WARN_EMPTY_BODY = YES;
				CLANG_WARN_ENUM_CONVERSION = YES;
				CLANG_WARN_INT_CONVERSION = YES;
				CLANG_WARN_OBJC_ROOT_CLASS = YES_ERROR;
				CLANG_WARN_UNREACHABLE_CODE = YES;
				CLANG_WARN__DUPLICATE_METHOD_MATCH = YES;
				"CODE_SIGN_IDENTITY[sdk=iphoneos*]" = "iPhone Developer";
				COPY_PHASE_STRIP = NO;
				DEBUG_INFORMATION_FORMAT = dwarf;
				ENABLE_STRICT_OBJC_MSGSEND = YES;
				ENABLE_TESTABILITY = YES;
				GCC_C_LANGUAGE_STANDARD = gnu99;
				GCC_DYNAMIC_NO_PIC = NO;
				GCC_NO_COMMON_BLOCKS = YES;
				GCC_OPTIMIZATION_LEVEL = 0;
				GCC_PREPROCESSOR_DEFINITIONS = (
					"DEBUG=1",
					"$(inherited)",
				);
				GCC_WARN_64_TO_32_BIT_CONVERSION = YES;
				GCC_WARN_ABOUT_RETURN_TYPE = YES_ERROR;
				GCC_WARN_UNDECLARED_SELECTOR = YES;
				GCC_WARN_UNINITIALIZED_AUTOS = YES_AGGRESSIVE;
				GCC_WARN_UNUSED_FUNCTION = YES;
				GCC_WARN_UNUSED_VARIABLE = YES;
				IPHONEOS_DEPLOYMENT_TARGET = 9.2;
				MTL_ENABLE_DEBUG_INFO = YES;
				ONLY_ACTIVE_ARCH = YES;
				SDKROOT = iphoneos;
				SWIFT_OPTIMIZATION_LEVEL = "-Onone";
			};
			name = Debug;
		};
		19B879841C2895C500A8BE65 /* Release */ = {
			isa = XCBuildConfiguration;
			buildSettings = {
				ALWAYS_SEARCH_USER_PATHS = NO;
				CLANG_CXX_LANGUAGE_STANDARD = "gnu++0x";
				CLANG_CXX_LIBRARY = "libc++";
				CLANG_ENABLE_MODULES = YES;
				CLANG_ENABLE_OBJC_ARC = YES;
				CLANG_WARN_BOOL_CONVERSION = YES;
				CLANG_WARN_CONSTANT_CONVERSION = YES;
				CLANG_WARN_DIRECT_OBJC_ISA_USAGE = YES_ERROR;
				CLANG_WARN_EMPTY_BODY = YES;
				CLANG_WARN_ENUM_CONVERSION = YES;
				CLANG_WARN_INT_CONVERSION = YES;
				CLANG_WARN_OBJC_ROOT_CLASS = YES_ERROR;
				CLANG_WARN_UNREACHABLE_CODE = YES;
				CLANG_WARN__DUPLICATE_METHOD_MATCH = YES;
				"CODE_SIGN_IDENTITY[sdk=iphoneos*]" = "iPhone Developer";
				COPY_PHASE_STRIP = NO;
				DEBUG_INFORMATION_FORMAT = "dwarf-with-dsym";
				ENABLE_NS_ASSERTIONS = NO;
				ENABLE_STRICT_OBJC_MSGSEND = YES;
				GCC_C_LANGUAGE_STANDARD = gnu99;
				GCC_NO_COMMON_BLOCKS = YES;
				GCC_WARN_64_TO_32_BIT_CONVERSION = YES;
				GCC_WARN_ABOUT_RETURN_TYPE = YES_ERROR;
				GCC_WARN_UNDECLARED_SELECTOR = YES;
				GCC_WARN_UNINITIALIZED_AUTOS = YES_AGGRESSIVE;
				GCC_WARN_UNUSED_FUNCTION = YES;
				GCC_WARN_UNUSED_VARIABLE = YES;
				IPHONEOS_DEPLOYMENT_TARGET = 9.2;
				MTL_ENABLE_DEBUG_INFO = NO;
				SDKROOT = iphoneos;
				VALIDATE_PRODUCT = YES;
			};
			name = Release;
		};
		19B879861C2895C500A8BE65 /* Debug */ = {
			isa = XCBuildConfiguration;
			buildSettings = {
				ASSETCATALOG_COMPILER_APPICON_NAME = AppIcon;
				INFOPLIST_FILE = SuperCool/Info.plist;
				LD_RUNPATH_SEARCH_PATHS = "$(inherited) @executable_path/Frameworks";
				PRODUCT_BUNDLE_IDENTIFIER = com.Shawn.SuperCool;
				PRODUCT_NAME = "$(TARGET_NAME)";
			};
			name = Debug;
		};
		19B879871C2895C500A8BE65 /* Release */ = {
			isa = XCBuildConfiguration;
			buildSettings = {
				ASSETCATALOG_COMPILER_APPICON_NAME = AppIcon;
				INFOPLIST_FILE = SuperCool/Info.plist;
				LD_RUNPATH_SEARCH_PATHS = "$(inherited) @executable_path/Frameworks";
				PRODUCT_BUNDLE_IDENTIFIER = com.Shawn.SuperCool;
				PRODUCT_NAME = "$(TARGET_NAME)";
			};
			name = Release;
		};
		19B879891C2895C500A8BE65 /* Debug */ = {
			isa = XCBuildConfiguration;
			buildSettings = {
				BUNDLE_LOADER = "$(TEST_HOST)";
				INFOPLIST_FILE = SuperCoolTests/Info.plist;
				LD_RUNPATH_SEARCH_PATHS = "$(inherited) @executable_path/Frameworks @loader_path/Frameworks";
				PRODUCT_BUNDLE_IDENTIFIER = com.Shawn.SuperCoolTests;
				PRODUCT_NAME = "$(TARGET_NAME)";
				TEST_HOST = "$(BUILT_PRODUCTS_DIR)/SuperCool.app/SuperCool";
			};
			name = Debug;
		};
		19B8798A1C2895C500A8BE65 /* Release */ = {
			isa = XCBuildConfiguration;
			buildSettings = {
				BUNDLE_LOADER = "$(TEST_HOST)";
				INFOPLIST_FILE = SuperCoolTests/Info.plist;
				LD_RUNPATH_SEARCH_PATHS = "$(inherited) @executable_path/Frameworks @loader_path/Frameworks";
				PRODUCT_BUNDLE_IDENTIFIER = com.Shawn.SuperCoolTests;
				PRODUCT_NAME = "$(TARGET_NAME)";
				TEST_HOST = "$(BUILT_PRODUCTS_DIR)/SuperCool.app/SuperCool";
			};
			name = Release;
		};
		19B8798C1C2895C500A8BE65 /* Debug */ = {
			isa = XCBuildConfiguration;
			buildSettings = {
				INFOPLIST_FILE = SuperCoolUITests/Info.plist;
				LD_RUNPATH_SEARCH_PATHS = "$(inherited) @executable_path/Frameworks @loader_path/Frameworks";
				PRODUCT_BUNDLE_IDENTIFIER = com.Shawn.SuperCoolUITests;
				PRODUCT_NAME = "$(TARGET_NAME)";
				TEST_TARGET_NAME = SuperCool;
				USES_XCTRUNNER = YES;
			};
			name = Debug;
		};
		19B8798D1C2895C500A8BE65 /* Release */ = {
			isa = XCBuildConfiguration;
			buildSettings = {
				INFOPLIST_FILE = SuperCoolUITests/Info.plist;
				LD_RUNPATH_SEARCH_PATHS = "$(inherited) @executable_path/Frameworks @loader_path/Frameworks";
				PRODUCT_BUNDLE_IDENTIFIER = com.Shawn.SuperCoolUITests;
				PRODUCT_NAME = "$(TARGET_NAME)";
				TEST_TARGET_NAME = SuperCool;
				USES_XCTRUNNER = YES;
			};
			name = Release;
		};
/* End XCBuildConfiguration section */

/* Begin XCConfigurationList section */
		19B879581C2895C400A8BE65 /* Build configuration list for PBXProject "SuperCool" */ = {
			isa = XCConfigurationList;
			buildConfigurations = (
				19B879831C2895C500A8BE65 /* Debug */,
				19B879841C2895C500A8BE65 /* Release */,
			);
			defaultConfigurationIsVisible = 0;
			defaultConfigurationName = Release;
		};
		19B879851C2895C500A8BE65 /* Build configuration list for PBXNativeTarget "SuperCool" */ = {
			isa = XCConfigurationList;
			buildConfigurations = (
				19B879861C2895C500A8BE65 /* Debug */,
				19B879871C2895C500A8BE65 /* Release */,
			);
			defaultConfigurationIsVisible = 0;
		};
		19B879881C2895C500A8BE65 /* Build configuration list for PBXNativeTarget "SuperCoolTests" */ = {
			isa = XCConfigurationList;
			buildConfigurations = (
				19B879891C2895C500A8BE65 /* Debug */,
				19B8798A1C2895C500A8BE65 /* Release */,
			);
			defaultConfigurationIsVisible = 0;
		};
		19B8798B1C2895C500A8BE65 /* Build configuration list for PBXNativeTarget "SuperCoolUITests" */ = {
			isa = XCConfigurationList;
			buildConfigurations = (
				19B8798C1C2895C500A8BE65 /* Debug */,
				19B8798D1C2895C500A8BE65 /* Release */,
			);
			defaultConfigurationIsVisible = 0;
		};
/* End XCConfigurationList section */
	};
	rootObject = 19B879551C2895C400A8BE65 /* Project object */;
}
